
Microsoft Visual Studio Solution File, Format Version 12.00
# Visual Studio 15
VisualStudioVersion = 15.0.27703.2026
MinimumVisualStudioVersion = 10.0.40219.1
Project("{FAE04EC0-301F-11D3-BF4B-00C04F79EFBC}") = "lenna", "lenna\lenna.csproj", "{7B813914-7681-49CF-ADB7-7B61FC341D9C}"
EndProject
Global
	GlobalSection(SolutionConfigurationPlatforms) = preSolution
		Debug|Any CPU = Debug|Any CPU
		Debug|x64 = Debug|x64
		Release|Any CPU = Release|Any CPU
		Release|x64 = Release|x64
	EndGlobalSection
	GlobalSection(ProjectConfigurationPlatforms) = postSolution
		{7B813914-7681-49CF-ADB7-7B61FC341D9C}.Debug|Any CPU.ActiveCfg = Debug|Any CPU
		{7B813914-7681-49CF-ADB7-7B61FC341D9C}.Debug|Any CPU.Build.0 = Debug|Any CPU
		{7B813914-7681-49CF-ADB7-7B61FC341D9C}.Debug|x64.ActiveCfg = Debug|x64
		{7B813914-7681-49CF-ADB7-7B61FC341D9C}.Debug|x64.Build.0 = Debug|x64
		{7B813914-7681-49CF-ADB7-7B61FC341D9C}.Release|Any CPU.ActiveCfg = Release|Any CPU
		{7B813914-7681-49CF-ADB7-7B61FC341D9C}.Release|Any CPU.Build.0 = Release|Any CPU
		{7B813914-7681-49CF-ADB7-7B61FC341D9C}.Release|x64.ActiveCfg = Release|x64
		{7B813914-7681-49CF-ADB7-7B61FC341D9C}.Release|x64.Build.0 = Release|x64
	EndGlobalSection
	GlobalSection(SolutionProperties) = preSolution
		HideSolutionNode = FALSE
	EndGlobalSection
	GlobalSection(ExtensibilityGlobals) = postSolution
		SolutionGuid = {2DA05F13-B194-49A9-BD77-307AC70BACF5}
	EndGlobalSection
EndGlobal
